
Microsoft Visual Studio Solution File, Format Version 12.00
# Visual Studio 14
VisualStudioVersion = 14.0.25420.1
MinimumVisualStudioVersion = 10.0.40219.1
Project("{2150E333-8FDC-42A3-9474-1A3956D46DE8}") = "ArraysAndStrings", "ArraysAndStrings", "{755112F9-9A06-4017-9EF7-0C0C47FE1FE9}"
EndProject
Project("{FAE04EC0-301F-11D3-BF4B-00C04F79EFBC}") = "UniqueChars", "ArraysAndStrings\UniqueChars\UniqueChars.csproj", "{E64C6542-9852-463E-88EA-05E14756ACD4}"
EndProject
Project("{FAE04EC0-301F-11D3-BF4B-00C04F79EFBC}") = "ReverseString", "ArraysAndStrings\ReverseString\ReverseString.csproj", "{B680427C-5CB9-4AF2-B1C0-F97B53C5152F}"
EndProject
Project("{FAE04EC0-301F-11D3-BF4B-00C04F79EFBC}") = "RemoveDuplicate", "ArraysAndStrings\RemoveDuplicate\RemoveDuplicate.csproj", "{321539C4-4B42-441B-9D00-ABE11117E123}"
EndProject
Global
	GlobalSection(SolutionConfigurationPlatforms) = preSolution
		Debug|Any CPU = Debug|Any CPU
		Release|Any CPU = Release|Any CPU
	EndGlobalSection
	GlobalSection(ProjectConfigurationPlatforms) = postSolution
		{E64C6542-9852-463E-88EA-05E14756ACD4}.Debug|Any CPU.ActiveCfg = Debug|Any CPU
		{E64C6542-9852-463E-88EA-05E14756ACD4}.Debug|Any CPU.Build.0 = Debug|Any CPU
		{E64C6542-9852-463E-88EA-05E14756ACD4}.Release|Any CPU.ActiveCfg = Release|Any CPU
		{E64C6542-9852-463E-88EA-05E14756ACD4}.Release|Any CPU.Build.0 = Release|Any CPU
		{B680427C-5CB9-4AF2-B1C0-F97B53C5152F}.Debug|Any CPU.ActiveCfg = Debug|Any CPU
		{B680427C-5CB9-4AF2-B1C0-F97B53C5152F}.Debug|Any CPU.Build.0 = Debug|Any CPU
		{B680427C-5CB9-4AF2-B1C0-F97B53C5152F}.Release|Any CPU.ActiveCfg = Release|Any CPU
		{B680427C-5CB9-4AF2-B1C0-F97B53C5152F}.Release|Any CPU.Build.0 = Release|Any CPU
		{321539C4-4B42-441B-9D00-ABE11117E123}.Debug|Any CPU.ActiveCfg = Debug|Any CPU
		{321539C4-4B42-441B-9D00-ABE11117E123}.Debug|Any CPU.Build.0 = Debug|Any CPU
		{321539C4-4B42-441B-9D00-ABE11117E123}.Release|Any CPU.ActiveCfg = Release|Any CPU
		{321539C4-4B42-441B-9D00-ABE11117E123}.Release|Any CPU.Build.0 = Release|Any CPU
	EndGlobalSection
	GlobalSection(SolutionProperties) = preSolution
		HideSolutionNode = FALSE
	EndGlobalSection
	GlobalSection(NestedProjects) = preSolution
		{E64C6542-9852-463E-88EA-05E14756ACD4} = {755112F9-9A06-4017-9EF7-0C0C47FE1FE9}
		{B680427C-5CB9-4AF2-B1C0-F97B53C5152F} = {755112F9-9A06-4017-9EF7-0C0C47FE1FE9}
		{321539C4-4B42-441B-9D00-ABE11117E123} = {755112F9-9A06-4017-9EF7-0C0C47FE1FE9}
	EndGlobalSection
EndGlobal
