
Microsoft Visual Studio Solution File, Format Version 12.00
# Visual Studio 14
VisualStudioVersion = 14.0.25420.1
MinimumVisualStudioVersion = 10.0.40219.1
Project("{2150E333-8FDC-42A3-9474-1A3956D46DE8}") = "ArraysAndStrings", "ArraysAndStrings", "{755112F9-9A06-4017-9EF7-0C0C47FE1FE9}"
EndProject
Project("{FAE04EC0-301F-11D3-BF4B-00C04F79EFBC}") = "UniqueChars", "ArraysAndStrings\UniqueChars\UniqueChars.csproj", "{E64C6542-9852-463E-88EA-05E14756ACD4}"
EndProject
Project("{FAE04EC0-301F-11D3-BF4B-00C04F79EFBC}") = "ReverseString", "ArraysAndStrings\ReverseString\ReverseString.csproj", "{B680427C-5CB9-4AF2-B1C0-F97B53C5152F}"
EndProject
Project("{FAE04EC0-301F-11D3-BF4B-00C04F79EFBC}") = "RemoveDuplicate", "ArraysAndStrings\RemoveDuplicate\RemoveDuplicate.csproj", "{321539C4-4B42-441B-9D00-ABE11117E123}"
EndProject
Project("{FAE04EC0-301F-11D3-BF4B-00C04F79EFBC}") = "Anagrams", "ArraysAndStrings\Anagrams\Anagrams.csproj", "{E00C3F7A-5AFA-4077-B49B-574B272CAA3E}"
EndProject
Project("{FAE04EC0-301F-11D3-BF4B-00C04F79EFBC}") = "ReplaceSpace", "ArraysAndStrings\ReplaceSpace\ReplaceSpace.csproj", "{0C5244B0-E2FB-4957-9161-B15A9ED74C37}"
EndProject
Project("{2150E333-8FDC-42A3-9474-1A3956D46DE8}") = "LinkedLists", "LinkedLists", "{FAC38D1B-9BC5-45F0-BA75-721D092002CC}"
EndProject
Project("{FAE04EC0-301F-11D3-BF4B-00C04F79EFBC}") = "RemoveListDups", "LinkedLists\RemoveListDups\RemoveListDups.csproj", "{8EEC176B-B897-4BB9-8038-B0B49CF9EE63}"
EndProject
Project("{FAE04EC0-301F-11D3-BF4B-00C04F79EFBC}") = "NthElement", "LinkedLists\NthElement\NthElement.csproj", "{6864EC17-0D31-4D5F-9106-BE48EE389CA9}"
EndProject
Project("{FAE04EC0-301F-11D3-BF4B-00C04F79EFBC}") = "RemoveListNode", "LinkedLists\RemoveListNode\RemoveListNode.csproj", "{9C2D29D8-B72D-4EF8-A2BA-986FFE1FB868}"
EndProject
Project("{FAE04EC0-301F-11D3-BF4B-00C04F79EFBC}") = "AddLists", "LinkedLists\AddLists\AddLists.csproj", "{C403E77F-D723-4B97-946D-F7957FA1E563}"
EndProject
Project("{FAE04EC0-301F-11D3-BF4B-00C04F79EFBC}") = "CycleBeginnning", "LinkedLists\CycleBeginnning\CycleBeginnning.csproj", "{02822307-2B3C-47F9-BA6E-9185592E7E3D}"
EndProject
Project("{2150E333-8FDC-42A3-9474-1A3956D46DE8}") = "StacksAndQueues", "StacksAndQueues", "{DA484E17-1BA3-4FC4-A9CF-9607585C108C}"
EndProject
Project("{FAE04EC0-301F-11D3-BF4B-00C04F79EFBC}") = "StacksUsingArray", "StacksAndQueues\StacksUsingArray\StacksUsingArray.csproj", "{C757AC12-C5F7-41F5-9103-37C8077FCDEA}"
EndProject
Project("{FAE04EC0-301F-11D3-BF4B-00C04F79EFBC}") = "MinStack", "StacksAndQueues\MinStack\MinStack.csproj", "{D4220057-1A49-4932-BD57-8B76F69A157B}"
EndProject
Project("{FAE04EC0-301F-11D3-BF4B-00C04F79EFBC}") = "SetOfStacks", "StacksAndQueues\SetOfStacks\SetOfStacks.csproj", "{14F5661D-9F8B-4365-9B85-7776B19E86B4}"
EndProject
Project("{FAE04EC0-301F-11D3-BF4B-00C04F79EFBC}") = "QueueUsingStacks", "StacksAndQueues\QueueUsingStacks\QueueUsingStacks.csproj", "{7A8D0247-5044-4AE6-A51A-2082A693B115}"
EndProject
Project("{2150E333-8FDC-42A3-9474-1A3956D46DE8}") = "TreesAndGraphs", "TreesAndGraphs", "{40E6E08F-ABFC-4732-AF87-932576F7B568}"
EndProject
Project("{FAE04EC0-301F-11D3-BF4B-00C04F79EFBC}") = "CommonTreeLogic", "TreesAndGraphs\CommonTreeLogic\CommonTreeLogic.csproj", "{BB2524F3-E475-40A7-A0B9-8428CB783E06}"
EndProject
Project("{FAE04EC0-301F-11D3-BF4B-00C04F79EFBC}") = "TreeTraversal", "TreesAndGraphs\TreeTraversal\TreeTraversal.csproj", "{CF82A724-909A-4B44-B3B8-49EF1CDF64C4}"
EndProject
Project("{FAE04EC0-301F-11D3-BF4B-00C04F79EFBC}") = "MinHeightBinaryTree", "TreesAndGraphs\MinHeightBinaryTree\MinHeightBinaryTree.csproj", "{90632895-C959-4411-B8CE-5E9E7A14E227}"
EndProject
Project("{FAE04EC0-301F-11D3-BF4B-00C04F79EFBC}") = "SuccessorNode", "TreesAndGraphs\SuccessorNode\SuccessorNode.csproj", "{6A3E0DD6-7C7D-460F-8588-68D759A3044B}"
EndProject
Project("{2150E333-8FDC-42A3-9474-1A3956D46DE8}") = "Sorting", "Sorting", "{AA7C3617-810C-492F-8CCF-F7308ED68CD3}"
EndProject
Project("{FAE04EC0-301F-11D3-BF4B-00C04F79EFBC}") = "InsertionSort", "Sorting\InsertionSort\InsertionSort.csproj", "{22F6DA00-F3F7-4467-A19A-939830DD6B01}"
EndProject
Project("{FAE04EC0-301F-11D3-BF4B-00C04F79EFBC}") = "SelectionSort", "Sorting\SelectionSort\SelectionSort.csproj", "{3D8A2E83-2E87-4419-AFC2-B95D4138C15C}"
EndProject
Project("{FAE04EC0-301F-11D3-BF4B-00C04F79EFBC}") = "MergeSort", "Sorting\MergeSort\MergeSort.csproj", "{C7C9421F-84D0-4E56-A4A1-CA50521C450C}"
EndProject
Project("{FAE04EC0-301F-11D3-BF4B-00C04F79EFBC}") = "QuickSort", "Sorting\QuickSort\QuickSort.csproj", "{35735F0D-85D3-4C80-8860-7319C6E1D960}"
EndProject
Project("{FAE04EC0-301F-11D3-BF4B-00C04F79EFBC}") = "MergeArrays", "Sorting\MergeArrays\MergeArrays.csproj", "{F35AEB1E-2A22-41FE-8B34-5F7AE1ADE059}"
EndProject
Project("{FAE04EC0-301F-11D3-BF4B-00C04F79EFBC}") = "StringSorting", "Sorting\StringSorting\StringSorting.csproj", "{5E4F556E-F464-428D-BF84-CFD26DD00D28}"
EndProject
Project("{FAE04EC0-301F-11D3-BF4B-00C04F79EFBC}") = "SearchRotatedArray", "Sorting\SearchRotatedArray\SearchRotatedArray.csproj", "{3CFB67C0-7AC2-4A39-9796-4184BD03645E}"
EndProject
Project("{FAE04EC0-301F-11D3-BF4B-00C04F79EFBC}") = "CommonGraph", "TreesAndGraphs\CommonGraph\CommonGraph.csproj", "{0714CE97-A662-4162-887C-A7AE54F3DD10}"
EndProject
Project("{2150E333-8FDC-42A3-9474-1A3956D46DE8}") = "Math", "Math", "{4D6FE845-7E57-469C-9CCE-6C88FC17DE19}"
EndProject
Project("{FAE04EC0-301F-11D3-BF4B-00C04F79EFBC}") = "QuickCube", "Math\QuickCube\QuickCube.csproj", "{9E0211B7-AC3A-4B73-A688-DC098F099F6E}"
EndProject
Project("{FAE04EC0-301F-11D3-BF4B-00C04F79EFBC}") = "Djikstra", "TreesAndGraphs\Djikstra\Djikstra.csproj", "{6AEF1179-1721-408F-AE7F-3C42B5E0487D}"
EndProject
Global
	GlobalSection(SolutionConfigurationPlatforms) = preSolution
		Debug|Any CPU = Debug|Any CPU
		Release|Any CPU = Release|Any CPU
	EndGlobalSection
	GlobalSection(ProjectConfigurationPlatforms) = postSolution
		{E64C6542-9852-463E-88EA-05E14756ACD4}.Debug|Any CPU.ActiveCfg = Debug|Any CPU
		{E64C6542-9852-463E-88EA-05E14756ACD4}.Debug|Any CPU.Build.0 = Debug|Any CPU
		{E64C6542-9852-463E-88EA-05E14756ACD4}.Release|Any CPU.ActiveCfg = Release|Any CPU
		{E64C6542-9852-463E-88EA-05E14756ACD4}.Release|Any CPU.Build.0 = Release|Any CPU
		{B680427C-5CB9-4AF2-B1C0-F97B53C5152F}.Debug|Any CPU.ActiveCfg = Debug|Any CPU
		{B680427C-5CB9-4AF2-B1C0-F97B53C5152F}.Debug|Any CPU.Build.0 = Debug|Any CPU
		{B680427C-5CB9-4AF2-B1C0-F97B53C5152F}.Release|Any CPU.ActiveCfg = Release|Any CPU
		{B680427C-5CB9-4AF2-B1C0-F97B53C5152F}.Release|Any CPU.Build.0 = Release|Any CPU
		{321539C4-4B42-441B-9D00-ABE11117E123}.Debug|Any CPU.ActiveCfg = Debug|Any CPU
		{321539C4-4B42-441B-9D00-ABE11117E123}.Debug|Any CPU.Build.0 = Debug|Any CPU
		{321539C4-4B42-441B-9D00-ABE11117E123}.Release|Any CPU.ActiveCfg = Release|Any CPU
		{321539C4-4B42-441B-9D00-ABE11117E123}.Release|Any CPU.Build.0 = Release|Any CPU
		{E00C3F7A-5AFA-4077-B49B-574B272CAA3E}.Debug|Any CPU.ActiveCfg = Debug|Any CPU
		{E00C3F7A-5AFA-4077-B49B-574B272CAA3E}.Debug|Any CPU.Build.0 = Debug|Any CPU
		{E00C3F7A-5AFA-4077-B49B-574B272CAA3E}.Release|Any CPU.ActiveCfg = Release|Any CPU
		{E00C3F7A-5AFA-4077-B49B-574B272CAA3E}.Release|Any CPU.Build.0 = Release|Any CPU
		{0C5244B0-E2FB-4957-9161-B15A9ED74C37}.Debug|Any CPU.ActiveCfg = Debug|Any CPU
		{0C5244B0-E2FB-4957-9161-B15A9ED74C37}.Debug|Any CPU.Build.0 = Debug|Any CPU
		{0C5244B0-E2FB-4957-9161-B15A9ED74C37}.Release|Any CPU.ActiveCfg = Release|Any CPU
		{0C5244B0-E2FB-4957-9161-B15A9ED74C37}.Release|Any CPU.Build.0 = Release|Any CPU
		{8EEC176B-B897-4BB9-8038-B0B49CF9EE63}.Debug|Any CPU.ActiveCfg = Debug|Any CPU
		{8EEC176B-B897-4BB9-8038-B0B49CF9EE63}.Debug|Any CPU.Build.0 = Debug|Any CPU
		{8EEC176B-B897-4BB9-8038-B0B49CF9EE63}.Release|Any CPU.ActiveCfg = Release|Any CPU
		{8EEC176B-B897-4BB9-8038-B0B49CF9EE63}.Release|Any CPU.Build.0 = Release|Any CPU
		{6864EC17-0D31-4D5F-9106-BE48EE389CA9}.Debug|Any CPU.ActiveCfg = Debug|Any CPU
		{6864EC17-0D31-4D5F-9106-BE48EE389CA9}.Debug|Any CPU.Build.0 = Debug|Any CPU
		{6864EC17-0D31-4D5F-9106-BE48EE389CA9}.Release|Any CPU.ActiveCfg = Release|Any CPU
		{6864EC17-0D31-4D5F-9106-BE48EE389CA9}.Release|Any CPU.Build.0 = Release|Any CPU
		{9C2D29D8-B72D-4EF8-A2BA-986FFE1FB868}.Debug|Any CPU.ActiveCfg = Debug|Any CPU
		{9C2D29D8-B72D-4EF8-A2BA-986FFE1FB868}.Debug|Any CPU.Build.0 = Debug|Any CPU
		{9C2D29D8-B72D-4EF8-A2BA-986FFE1FB868}.Release|Any CPU.ActiveCfg = Release|Any CPU
		{9C2D29D8-B72D-4EF8-A2BA-986FFE1FB868}.Release|Any CPU.Build.0 = Release|Any CPU
		{C403E77F-D723-4B97-946D-F7957FA1E563}.Debug|Any CPU.ActiveCfg = Debug|Any CPU
		{C403E77F-D723-4B97-946D-F7957FA1E563}.Debug|Any CPU.Build.0 = Debug|Any CPU
		{C403E77F-D723-4B97-946D-F7957FA1E563}.Release|Any CPU.ActiveCfg = Release|Any CPU
		{C403E77F-D723-4B97-946D-F7957FA1E563}.Release|Any CPU.Build.0 = Release|Any CPU
		{02822307-2B3C-47F9-BA6E-9185592E7E3D}.Debug|Any CPU.ActiveCfg = Debug|Any CPU
		{02822307-2B3C-47F9-BA6E-9185592E7E3D}.Debug|Any CPU.Build.0 = Debug|Any CPU
		{02822307-2B3C-47F9-BA6E-9185592E7E3D}.Release|Any CPU.ActiveCfg = Release|Any CPU
		{02822307-2B3C-47F9-BA6E-9185592E7E3D}.Release|Any CPU.Build.0 = Release|Any CPU
		{C757AC12-C5F7-41F5-9103-37C8077FCDEA}.Debug|Any CPU.ActiveCfg = Debug|Any CPU
		{C757AC12-C5F7-41F5-9103-37C8077FCDEA}.Debug|Any CPU.Build.0 = Debug|Any CPU
		{C757AC12-C5F7-41F5-9103-37C8077FCDEA}.Release|Any CPU.ActiveCfg = Release|Any CPU
		{C757AC12-C5F7-41F5-9103-37C8077FCDEA}.Release|Any CPU.Build.0 = Release|Any CPU
		{D4220057-1A49-4932-BD57-8B76F69A157B}.Debug|Any CPU.ActiveCfg = Debug|Any CPU
		{D4220057-1A49-4932-BD57-8B76F69A157B}.Debug|Any CPU.Build.0 = Debug|Any CPU
		{D4220057-1A49-4932-BD57-8B76F69A157B}.Release|Any CPU.ActiveCfg = Release|Any CPU
		{D4220057-1A49-4932-BD57-8B76F69A157B}.Release|Any CPU.Build.0 = Release|Any CPU
		{14F5661D-9F8B-4365-9B85-7776B19E86B4}.Debug|Any CPU.ActiveCfg = Debug|Any CPU
		{14F5661D-9F8B-4365-9B85-7776B19E86B4}.Debug|Any CPU.Build.0 = Debug|Any CPU
		{14F5661D-9F8B-4365-9B85-7776B19E86B4}.Release|Any CPU.ActiveCfg = Release|Any CPU
		{14F5661D-9F8B-4365-9B85-7776B19E86B4}.Release|Any CPU.Build.0 = Release|Any CPU
		{7A8D0247-5044-4AE6-A51A-2082A693B115}.Debug|Any CPU.ActiveCfg = Debug|Any CPU
		{7A8D0247-5044-4AE6-A51A-2082A693B115}.Debug|Any CPU.Build.0 = Debug|Any CPU
		{7A8D0247-5044-4AE6-A51A-2082A693B115}.Release|Any CPU.ActiveCfg = Release|Any CPU
		{7A8D0247-5044-4AE6-A51A-2082A693B115}.Release|Any CPU.Build.0 = Release|Any CPU
		{BB2524F3-E475-40A7-A0B9-8428CB783E06}.Debug|Any CPU.ActiveCfg = Debug|Any CPU
		{BB2524F3-E475-40A7-A0B9-8428CB783E06}.Debug|Any CPU.Build.0 = Debug|Any CPU
		{BB2524F3-E475-40A7-A0B9-8428CB783E06}.Release|Any CPU.ActiveCfg = Release|Any CPU
		{BB2524F3-E475-40A7-A0B9-8428CB783E06}.Release|Any CPU.Build.0 = Release|Any CPU
		{CF82A724-909A-4B44-B3B8-49EF1CDF64C4}.Debug|Any CPU.ActiveCfg = Debug|Any CPU
		{CF82A724-909A-4B44-B3B8-49EF1CDF64C4}.Debug|Any CPU.Build.0 = Debug|Any CPU
		{CF82A724-909A-4B44-B3B8-49EF1CDF64C4}.Release|Any CPU.ActiveCfg = Release|Any CPU
		{CF82A724-909A-4B44-B3B8-49EF1CDF64C4}.Release|Any CPU.Build.0 = Release|Any CPU
		{90632895-C959-4411-B8CE-5E9E7A14E227}.Debug|Any CPU.ActiveCfg = Debug|Any CPU
		{90632895-C959-4411-B8CE-5E9E7A14E227}.Debug|Any CPU.Build.0 = Debug|Any CPU
		{90632895-C959-4411-B8CE-5E9E7A14E227}.Release|Any CPU.ActiveCfg = Release|Any CPU
		{90632895-C959-4411-B8CE-5E9E7A14E227}.Release|Any CPU.Build.0 = Release|Any CPU
		{6A3E0DD6-7C7D-460F-8588-68D759A3044B}.Debug|Any CPU.ActiveCfg = Debug|Any CPU
		{6A3E0DD6-7C7D-460F-8588-68D759A3044B}.Debug|Any CPU.Build.0 = Debug|Any CPU
		{6A3E0DD6-7C7D-460F-8588-68D759A3044B}.Release|Any CPU.ActiveCfg = Release|Any CPU
		{6A3E0DD6-7C7D-460F-8588-68D759A3044B}.Release|Any CPU.Build.0 = Release|Any CPU
		{22F6DA00-F3F7-4467-A19A-939830DD6B01}.Debug|Any CPU.ActiveCfg = Debug|Any CPU
		{22F6DA00-F3F7-4467-A19A-939830DD6B01}.Debug|Any CPU.Build.0 = Debug|Any CPU
		{22F6DA00-F3F7-4467-A19A-939830DD6B01}.Release|Any CPU.ActiveCfg = Release|Any CPU
		{22F6DA00-F3F7-4467-A19A-939830DD6B01}.Release|Any CPU.Build.0 = Release|Any CPU
		{3D8A2E83-2E87-4419-AFC2-B95D4138C15C}.Debug|Any CPU.ActiveCfg = Debug|Any CPU
		{3D8A2E83-2E87-4419-AFC2-B95D4138C15C}.Debug|Any CPU.Build.0 = Debug|Any CPU
		{3D8A2E83-2E87-4419-AFC2-B95D4138C15C}.Release|Any CPU.ActiveCfg = Release|Any CPU
		{3D8A2E83-2E87-4419-AFC2-B95D4138C15C}.Release|Any CPU.Build.0 = Release|Any CPU
		{C7C9421F-84D0-4E56-A4A1-CA50521C450C}.Debug|Any CPU.ActiveCfg = Debug|Any CPU
		{C7C9421F-84D0-4E56-A4A1-CA50521C450C}.Debug|Any CPU.Build.0 = Debug|Any CPU
		{C7C9421F-84D0-4E56-A4A1-CA50521C450C}.Release|Any CPU.ActiveCfg = Release|Any CPU
		{C7C9421F-84D0-4E56-A4A1-CA50521C450C}.Release|Any CPU.Build.0 = Release|Any CPU
		{35735F0D-85D3-4C80-8860-7319C6E1D960}.Debug|Any CPU.ActiveCfg = Debug|Any CPU
		{35735F0D-85D3-4C80-8860-7319C6E1D960}.Debug|Any CPU.Build.0 = Debug|Any CPU
		{35735F0D-85D3-4C80-8860-7319C6E1D960}.Release|Any CPU.ActiveCfg = Release|Any CPU
		{35735F0D-85D3-4C80-8860-7319C6E1D960}.Release|Any CPU.Build.0 = Release|Any CPU
		{F35AEB1E-2A22-41FE-8B34-5F7AE1ADE059}.Debug|Any CPU.ActiveCfg = Debug|Any CPU
		{F35AEB1E-2A22-41FE-8B34-5F7AE1ADE059}.Debug|Any CPU.Build.0 = Debug|Any CPU
		{F35AEB1E-2A22-41FE-8B34-5F7AE1ADE059}.Release|Any CPU.ActiveCfg = Release|Any CPU
		{F35AEB1E-2A22-41FE-8B34-5F7AE1ADE059}.Release|Any CPU.Build.0 = Release|Any CPU
		{5E4F556E-F464-428D-BF84-CFD26DD00D28}.Debug|Any CPU.ActiveCfg = Debug|Any CPU
		{5E4F556E-F464-428D-BF84-CFD26DD00D28}.Debug|Any CPU.Build.0 = Debug|Any CPU
		{5E4F556E-F464-428D-BF84-CFD26DD00D28}.Release|Any CPU.ActiveCfg = Release|Any CPU
		{5E4F556E-F464-428D-BF84-CFD26DD00D28}.Release|Any CPU.Build.0 = Release|Any CPU
		{3CFB67C0-7AC2-4A39-9796-4184BD03645E}.Debug|Any CPU.ActiveCfg = Debug|Any CPU
		{3CFB67C0-7AC2-4A39-9796-4184BD03645E}.Debug|Any CPU.Build.0 = Debug|Any CPU
		{3CFB67C0-7AC2-4A39-9796-4184BD03645E}.Release|Any CPU.ActiveCfg = Release|Any CPU
		{3CFB67C0-7AC2-4A39-9796-4184BD03645E}.Release|Any CPU.Build.0 = Release|Any CPU
		{0714CE97-A662-4162-887C-A7AE54F3DD10}.Debug|Any CPU.ActiveCfg = Debug|Any CPU
		{0714CE97-A662-4162-887C-A7AE54F3DD10}.Debug|Any CPU.Build.0 = Debug|Any CPU
		{0714CE97-A662-4162-887C-A7AE54F3DD10}.Release|Any CPU.ActiveCfg = Release|Any CPU
		{0714CE97-A662-4162-887C-A7AE54F3DD10}.Release|Any CPU.Build.0 = Release|Any CPU
		{9E0211B7-AC3A-4B73-A688-DC098F099F6E}.Debug|Any CPU.ActiveCfg = Debug|Any CPU
		{9E0211B7-AC3A-4B73-A688-DC098F099F6E}.Debug|Any CPU.Build.0 = Debug|Any CPU
		{9E0211B7-AC3A-4B73-A688-DC098F099F6E}.Release|Any CPU.ActiveCfg = Release|Any CPU
		{9E0211B7-AC3A-4B73-A688-DC098F099F6E}.Release|Any CPU.Build.0 = Release|Any CPU
		{6AEF1179-1721-408F-AE7F-3C42B5E0487D}.Debug|Any CPU.ActiveCfg = Debug|Any CPU
		{6AEF1179-1721-408F-AE7F-3C42B5E0487D}.Debug|Any CPU.Build.0 = Debug|Any CPU
		{6AEF1179-1721-408F-AE7F-3C42B5E0487D}.Release|Any CPU.ActiveCfg = Release|Any CPU
		{6AEF1179-1721-408F-AE7F-3C42B5E0487D}.Release|Any CPU.Build.0 = Release|Any CPU
	EndGlobalSection
	GlobalSection(SolutionProperties) = preSolution
		HideSolutionNode = FALSE
	EndGlobalSection
	GlobalSection(NestedProjects) = preSolution
		{E64C6542-9852-463E-88EA-05E14756ACD4} = {755112F9-9A06-4017-9EF7-0C0C47FE1FE9}
		{B680427C-5CB9-4AF2-B1C0-F97B53C5152F} = {755112F9-9A06-4017-9EF7-0C0C47FE1FE9}
		{321539C4-4B42-441B-9D00-ABE11117E123} = {755112F9-9A06-4017-9EF7-0C0C47FE1FE9}
		{E00C3F7A-5AFA-4077-B49B-574B272CAA3E} = {755112F9-9A06-4017-9EF7-0C0C47FE1FE9}
		{0C5244B0-E2FB-4957-9161-B15A9ED74C37} = {755112F9-9A06-4017-9EF7-0C0C47FE1FE9}
		{8EEC176B-B897-4BB9-8038-B0B49CF9EE63} = {FAC38D1B-9BC5-45F0-BA75-721D092002CC}
		{6864EC17-0D31-4D5F-9106-BE48EE389CA9} = {FAC38D1B-9BC5-45F0-BA75-721D092002CC}
		{9C2D29D8-B72D-4EF8-A2BA-986FFE1FB868} = {FAC38D1B-9BC5-45F0-BA75-721D092002CC}
		{C403E77F-D723-4B97-946D-F7957FA1E563} = {FAC38D1B-9BC5-45F0-BA75-721D092002CC}
		{02822307-2B3C-47F9-BA6E-9185592E7E3D} = {FAC38D1B-9BC5-45F0-BA75-721D092002CC}
		{C757AC12-C5F7-41F5-9103-37C8077FCDEA} = {DA484E17-1BA3-4FC4-A9CF-9607585C108C}
		{D4220057-1A49-4932-BD57-8B76F69A157B} = {DA484E17-1BA3-4FC4-A9CF-9607585C108C}
		{14F5661D-9F8B-4365-9B85-7776B19E86B4} = {DA484E17-1BA3-4FC4-A9CF-9607585C108C}
		{7A8D0247-5044-4AE6-A51A-2082A693B115} = {DA484E17-1BA3-4FC4-A9CF-9607585C108C}
		{BB2524F3-E475-40A7-A0B9-8428CB783E06} = {40E6E08F-ABFC-4732-AF87-932576F7B568}
		{CF82A724-909A-4B44-B3B8-49EF1CDF64C4} = {40E6E08F-ABFC-4732-AF87-932576F7B568}
		{90632895-C959-4411-B8CE-5E9E7A14E227} = {40E6E08F-ABFC-4732-AF87-932576F7B568}
		{6A3E0DD6-7C7D-460F-8588-68D759A3044B} = {40E6E08F-ABFC-4732-AF87-932576F7B568}
		{22F6DA00-F3F7-4467-A19A-939830DD6B01} = {AA7C3617-810C-492F-8CCF-F7308ED68CD3}
		{3D8A2E83-2E87-4419-AFC2-B95D4138C15C} = {AA7C3617-810C-492F-8CCF-F7308ED68CD3}
		{C7C9421F-84D0-4E56-A4A1-CA50521C450C} = {AA7C3617-810C-492F-8CCF-F7308ED68CD3}
		{35735F0D-85D3-4C80-8860-7319C6E1D960} = {AA7C3617-810C-492F-8CCF-F7308ED68CD3}
		{F35AEB1E-2A22-41FE-8B34-5F7AE1ADE059} = {AA7C3617-810C-492F-8CCF-F7308ED68CD3}
		{5E4F556E-F464-428D-BF84-CFD26DD00D28} = {AA7C3617-810C-492F-8CCF-F7308ED68CD3}
		{3CFB67C0-7AC2-4A39-9796-4184BD03645E} = {AA7C3617-810C-492F-8CCF-F7308ED68CD3}
		{0714CE97-A662-4162-887C-A7AE54F3DD10} = {40E6E08F-ABFC-4732-AF87-932576F7B568}
		{9E0211B7-AC3A-4B73-A688-DC098F099F6E} = {4D6FE845-7E57-469C-9CCE-6C88FC17DE19}
		{6AEF1179-1721-408F-AE7F-3C42B5E0487D} = {40E6E08F-ABFC-4732-AF87-932576F7B568}
	EndGlobalSection
EndGlobal
